{"version":4,"terraform_version":"1.11.1","serial":4,"lineage":"421f5663-7daf-a195-9f47-bc8cf9af0a34","outputs":{},"resources":[{"mode":"managed","type":"local_file","name":"hello_world","provider":"provider[\"registry.opentofu.org/hashicorp/local\"]","instances":[{"schema_version":0,"attributes":{"content":"Hello World!!!\nWelcome to the fascinating world of OpenTofu!!\n","content_base64":null,"content_base64sha256":"WDICTx3Fns+DthQc/Jp712UClv/Xtag43jGL9buu19I=","content_base64sha512":"+P5ZV7ZLJD260O3/p7xla7OiqjCPEXpFLK73juMCDCan/ow9aay1QCH49MTGaiRIgfkDUHdJ7CU2SMIAg74uqw==","content_md5":"1b61204e2817000159827772382266c6","content_sha1":"1752fbadd1a2eb4c9f7a77fb4843f290bf434426","content_sha256":"5832024f1dc59ecf83b6141cfc9a7bd7650296ffd7b5a838de318bf5bbaed7d2","content_sha512":"f8fe5957b64b243dbad0edffa7bc656bb3a2aa308f117a452caef78ee3020c26a7fe8c3d69acb54021f8f4c4c66a244881f903507749ec253648c20083be2eab","directory_permission":"0777","file_permission":"0777","filename":"./demo.txt","id":"1752fbadd1a2eb4c9f7a77fb4843f290bf434426","sensitive_content":null,"source":null},"sensitive_attributes":[[{"type":"get_attr","value":"sensitive_content"}]]}]}],"check_results":null}
