{"version":4,"terraform_version":"1.11.1","serial":1,"lineage":"49ed78ec-498e-6a7d-7e39-9a05951efc90","outputs":{},"resources":[{"mode":"managed","type":"local_file","name":"hello","provider":"provider[\"registry.opentofu.org/hashicorp/local\"]","instances":[{"schema_version":0,"attributes":{"content":"Hello, OpenTofu! Managed by IaC.","content_base64":null,"content_base64sha256":"RPzDwe2Acz+vAZJrnIApe8LmBiUFsBp/HNrZvChz02w=","content_base64sha512":"JxhSP8gWYRAC99sPppak0Bst7OmAJSBOqUegR30MhbtDNFUErNXdfh0p15mRjN3x4cdMQCGjqVC/o+HiJeTrsw==","content_md5":"962bb8380ff9bacb90944fd1b6ba58d5","content_sha1":"1b65151c53d325602b8456516fe077f3635740af","content_sha256":"44fcc3c1ed80733faf01926b9c80297bc2e6062505b01a7f1cdad9bc2873d36c","content_sha512":"2718523fc816611002f7db0fa696a4d01b2dece98025204ea947a0477d0c85bb43345504acd5dd7e1d29d799918cddf1e1c74c4021a3a950bfa3e1e225e4ebb3","directory_permission":"0777","file_permission":"0777","filename":"./hello-opentofu.txt","id":"1b65151c53d325602b8456516fe077f3635740af","sensitive_content":null,"source":null},"sensitive_attributes":[[{"type":"get_attr","value":"sensitive_content"}]]}]}],"check_results":null}
